# THIS IS AN AUTOGENERATED FILE. DO NOT EDIT THIS FILE DIRECTLY.
# yarn lockfile v1


"@types/three@^0.93.3":
  version "0.93.3"
  resolved "https://registry.yarnpkg.com/@types/three/-/three-0.93.3.tgz#f0476c57e9f6b24927bf68f79cb836b0da277a5c"

three@^0.97.0:
  version "0.97.0"
  resolved "https://registry.yarnpkg.com/three/-/three-0.97.0.tgz#76141e1b0ace14246fe9198a458fefddc98a4e30"
